
Microsoft Visual Studio Solution File, Format Version 12.00
# Visual Studio Version 17
VisualStudioVersion = 17.0.31903.59
MinimumVisualStudioVersion = 10.0.40219.1
Project("{F2A71F9B-5D33-465A-A702-920D77279786}") = "Days", "Days\Days.fsproj", "{BC28F673-547E-4945-80DD-5C885337524F}"
EndProject
Project("{F2A71F9B-5D33-465A-A702-920D77279786}") = "Days.Test", "Days.Test\Days.Test.fsproj", "{9A8DC930-8BD4-4AA9-ACA8-3BA897C82BCD}"
EndProject
Global
	GlobalSection(SolutionConfigurationPlatforms) = preSolution
		Debug|Any CPU = Debug|Any CPU
		Release|Any CPU = Release|Any CPU
	EndGlobalSection
	GlobalSection(SolutionProperties) = preSolution
		HideSolutionNode = FALSE
	EndGlobalSection
	GlobalSection(ProjectConfigurationPlatforms) = postSolution
		{BC28F673-547E-4945-80DD-5C885337524F}.Debug|Any CPU.ActiveCfg = Debug|Any CPU
		{BC28F673-547E-4945-80DD-5C885337524F}.Debug|Any CPU.Build.0 = Debug|Any CPU
		{BC28F673-547E-4945-80DD-5C885337524F}.Release|Any CPU.ActiveCfg = Release|Any CPU
		{BC28F673-547E-4945-80DD-5C885337524F}.Release|Any CPU.Build.0 = Release|Any CPU
		{9A8DC930-8BD4-4AA9-ACA8-3BA897C82BCD}.Debug|Any CPU.ActiveCfg = Debug|Any CPU
		{9A8DC930-8BD4-4AA9-ACA8-3BA897C82BCD}.Debug|Any CPU.Build.0 = Debug|Any CPU
		{9A8DC930-8BD4-4AA9-ACA8-3BA897C82BCD}.Release|Any CPU.ActiveCfg = Release|Any CPU
		{9A8DC930-8BD4-4AA9-ACA8-3BA897C82BCD}.Release|Any CPU.Build.0 = Release|Any CPU
	EndGlobalSection
EndGlobal
